
Microsoft Visual Studio Solution File, Format Version 12.00
# Visual Studio Version 16
VisualStudioVersion = 16.0.32428.217
MinimumVisualStudioVersion = 10.0.40219.1
Project("{9A19103F-16F7-4668-BE54-9A1E7A4F7556}") = "UserManagement.API", "UserManagement.API\UserManagement.API.csproj", "{2742B906-1E1F-4EE2-B2E7-CB89CD9E7BA5}"
EndProject
Project("{2150E333-8FDC-42A3-9474-1A3956D46DE8}") = "src", "src", "{1F4CC938-0BFB-48F4-B801-FE19EA001A86}"
EndProject
Global
	GlobalSection(SolutionConfigurationPlatforms) = preSolution
		Debug|Any CPU = Debug|Any CPU
		Release|Any CPU = Release|Any CPU
	EndGlobalSection
	GlobalSection(ProjectConfigurationPlatforms) = postSolution
		{2742B906-1E1F-4EE2-B2E7-CB89CD9E7BA5}.Debug|Any CPU.ActiveCfg = Debug|Any CPU
		{2742B906-1E1F-4EE2-B2E7-CB89CD9E7BA5}.Debug|Any CPU.Build.0 = Debug|Any CPU
		{2742B906-1E1F-4EE2-B2E7-CB89CD9E7BA5}.Release|Any CPU.ActiveCfg = Release|Any CPU
		{2742B906-1E1F-4EE2-B2E7-CB89CD9E7BA5}.Release|Any CPU.Build.0 = Release|Any CPU
	EndGlobalSection
	GlobalSection(SolutionProperties) = preSolution
		HideSolutionNode = FALSE
	EndGlobalSection
	GlobalSection(NestedProjects) = preSolution
		{2742B906-1E1F-4EE2-B2E7-CB89CD9E7BA5} = {1F4CC938-0BFB-48F4-B801-FE19EA001A86}
	EndGlobalSection
	GlobalSection(ExtensibilityGlobals) = postSolution
		SolutionGuid = {CA6E72AD-567F-4217-8244-659F13C9C345}
	EndGlobalSection
EndGlobal
