
Microsoft Visual Studio Solution File, Format Version 12.00
# Visual Studio Version 16
VisualStudioVersion = 16.0.32602.291
MinimumVisualStudioVersion = 10.0.40219.1
Project("{9A19103F-16F7-4668-BE54-9A1E7A4F7556}") = "InventoryManagement.Domain", "InventoryManagement.Domain\InventoryManagement.Domain.csproj", "{A48DC79D-4712-4F8D-BA4B-F3D47EFA34F0}"
EndProject
Project("{2150E333-8FDC-42A3-9474-1A3956D46DE8}") = "src", "src", "{5FEE8405-88E7-4266-8D28-39FE97A1BC63}"
EndProject
Project("{2150E333-8FDC-42A3-9474-1A3956D46DE8}") = "tests", "tests", "{CA03A25F-B986-4226-892D-46F7FB60DD29}"
EndProject
Project("{9A19103F-16F7-4668-BE54-9A1E7A4F7556}") = "InventoryManagement.Infrastructure", "InventoryManagement.Infrastructure\InventoryManagement.Infrastructure.csproj", "{F2A78982-25CA-4B06-BAE3-B1735B36714E}"
EndProject
Project("{9A19103F-16F7-4668-BE54-9A1E7A4F7556}") = "InventoryManagement.API", "InventoryManagement.API\InventoryManagement.API.csproj", "{CBF2AA25-3804-474E-B13C-CCF972EAFF69}"
EndProject
Project("{9A19103F-16F7-4668-BE54-9A1E7A4F7556}") = "InventoryManagement.API.Tests", "InventoryManagement.API.Tests\InventoryManagement.API.Tests.csproj", "{EC1544A9-8E0C-4C40-9867-D42D767AE9E1}"
EndProject
Project("{9A19103F-16F7-4668-BE54-9A1E7A4F7556}") = "InventoryManagement.Domain.Tests", "InventoryManagement.Domain.Tests\InventoryManagement.Domain.Tests.csproj", "{4899D160-D4A2-449D-9112-464F1600F872}"
EndProject
Global
	GlobalSection(SolutionConfigurationPlatforms) = preSolution
		Debug|Any CPU = Debug|Any CPU
		Release|Any CPU = Release|Any CPU
	EndGlobalSection
	GlobalSection(ProjectConfigurationPlatforms) = postSolution
		{A48DC79D-4712-4F8D-BA4B-F3D47EFA34F0}.Debug|Any CPU.ActiveCfg = Debug|Any CPU
		{A48DC79D-4712-4F8D-BA4B-F3D47EFA34F0}.Debug|Any CPU.Build.0 = Debug|Any CPU
		{A48DC79D-4712-4F8D-BA4B-F3D47EFA34F0}.Release|Any CPU.ActiveCfg = Release|Any CPU
		{A48DC79D-4712-4F8D-BA4B-F3D47EFA34F0}.Release|Any CPU.Build.0 = Release|Any CPU
		{F2A78982-25CA-4B06-BAE3-B1735B36714E}.Debug|Any CPU.ActiveCfg = Debug|Any CPU
		{F2A78982-25CA-4B06-BAE3-B1735B36714E}.Debug|Any CPU.Build.0 = Debug|Any CPU
		{F2A78982-25CA-4B06-BAE3-B1735B36714E}.Release|Any CPU.ActiveCfg = Release|Any CPU
		{F2A78982-25CA-4B06-BAE3-B1735B36714E}.Release|Any CPU.Build.0 = Release|Any CPU
		{CBF2AA25-3804-474E-B13C-CCF972EAFF69}.Debug|Any CPU.ActiveCfg = Debug|Any CPU
		{CBF2AA25-3804-474E-B13C-CCF972EAFF69}.Debug|Any CPU.Build.0 = Debug|Any CPU
		{CBF2AA25-3804-474E-B13C-CCF972EAFF69}.Release|Any CPU.ActiveCfg = Release|Any CPU
		{CBF2AA25-3804-474E-B13C-CCF972EAFF69}.Release|Any CPU.Build.0 = Release|Any CPU
		{EC1544A9-8E0C-4C40-9867-D42D767AE9E1}.Debug|Any CPU.ActiveCfg = Debug|Any CPU
		{EC1544A9-8E0C-4C40-9867-D42D767AE9E1}.Debug|Any CPU.Build.0 = Debug|Any CPU
		{EC1544A9-8E0C-4C40-9867-D42D767AE9E1}.Release|Any CPU.ActiveCfg = Release|Any CPU
		{EC1544A9-8E0C-4C40-9867-D42D767AE9E1}.Release|Any CPU.Build.0 = Release|Any CPU
		{4899D160-D4A2-449D-9112-464F1600F872}.Debug|Any CPU.ActiveCfg = Debug|Any CPU
		{4899D160-D4A2-449D-9112-464F1600F872}.Debug|Any CPU.Build.0 = Debug|Any CPU
		{4899D160-D4A2-449D-9112-464F1600F872}.Release|Any CPU.ActiveCfg = Release|Any CPU
		{4899D160-D4A2-449D-9112-464F1600F872}.Release|Any CPU.Build.0 = Release|Any CPU
	EndGlobalSection
	GlobalSection(SolutionProperties) = preSolution
		HideSolutionNode = FALSE
	EndGlobalSection
	GlobalSection(NestedProjects) = preSolution
		{A48DC79D-4712-4F8D-BA4B-F3D47EFA34F0} = {5FEE8405-88E7-4266-8D28-39FE97A1BC63}
		{F2A78982-25CA-4B06-BAE3-B1735B36714E} = {5FEE8405-88E7-4266-8D28-39FE97A1BC63}
		{CBF2AA25-3804-474E-B13C-CCF972EAFF69} = {5FEE8405-88E7-4266-8D28-39FE97A1BC63}
		{EC1544A9-8E0C-4C40-9867-D42D767AE9E1} = {CA03A25F-B986-4226-892D-46F7FB60DD29}
		{4899D160-D4A2-449D-9112-464F1600F872} = {CA03A25F-B986-4226-892D-46F7FB60DD29}
	EndGlobalSection
	GlobalSection(ExtensibilityGlobals) = postSolution
		SolutionGuid = {4F1B7931-57BC-404C-83CE-25110950C06A}
	EndGlobalSection
EndGlobal
